
Microsoft Visual Studio Solution File, Format Version 12.00
# Visual Studio Version 16
VisualStudioVersion = 16.0.28803.452
MinimumVisualStudioVersion = 10.0.40219.1
Project("{FAE04EC0-301F-11D3-BF4B-00C04F79EFBC}") = "AusPetAdoption.Backend", "AusPetAdoption.Backend\AusPetAdoption.Backend.csproj", "{EFD05F5A-07C8-4037-AEC5-C597F33818AD}"
EndProject
Global
	GlobalSection(SolutionConfigurationPlatforms) = preSolution
		Debug|Any CPU = Debug|Any CPU
		Release|Any CPU = Release|Any CPU
	EndGlobalSection
	GlobalSection(ProjectConfigurationPlatforms) = postSolution
		{EFD05F5A-07C8-4037-AEC5-C597F33818AD}.Debug|Any CPU.ActiveCfg = Debug|Any CPU
		{EFD05F5A-07C8-4037-AEC5-C597F33818AD}.Debug|Any CPU.Build.0 = Debug|Any CPU
		{EFD05F5A-07C8-4037-AEC5-C597F33818AD}.Release|Any CPU.ActiveCfg = Release|Any CPU
		{EFD05F5A-07C8-4037-AEC5-C597F33818AD}.Release|Any CPU.Build.0 = Release|Any CPU
	EndGlobalSection
	GlobalSection(SolutionProperties) = preSolution
		HideSolutionNode = FALSE
	EndGlobalSection
	GlobalSection(ExtensibilityGlobals) = postSolution
		SolutionGuid = {6D9848AA-AD40-4735-99C0-256A3D6830DF}
	EndGlobalSection
EndGlobal
